
Microsoft Visual Studio Solution File, Format Version 12.00
# Visual Studio Version 17
VisualStudioVersion = 17.5.33530.505
MinimumVisualStudioVersion = 10.0.40219.1
Project("{888888A0-9F3D-457C-B088-3A5042F75D52}") = "ASCIIArt", "ASCIIArt\ASCIIArt.pyproj", "{9D8676F4-7F0A-471B-9051-AB9DC38F742C}"
EndProject
Global
	GlobalSection(SolutionConfigurationPlatforms) = preSolution
		Debug|Any CPU = Debug|Any CPU
		Release|Any CPU = Release|Any CPU
	EndGlobalSection
	GlobalSection(ProjectConfigurationPlatforms) = postSolution
		{9D8676F4-7F0A-471B-9051-AB9DC38F742C}.Debug|Any CPU.ActiveCfg = Debug|Any CPU
		{9D8676F4-7F0A-471B-9051-AB9DC38F742C}.Release|Any CPU.ActiveCfg = Release|Any CPU
	EndGlobalSection
	GlobalSection(SolutionProperties) = preSolution
		HideSolutionNode = FALSE
	EndGlobalSection
	GlobalSection(ExtensibilityGlobals) = postSolution
		SolutionGuid = {90DC859E-90E8-4FD5-A0BD-93E2B6D2CB3E}
	EndGlobalSection
EndGlobal
